// !$*UTF8*$!
{
	archiveVersion = 1;
	classes = {
	};
	objectVersion = 50;
	objects = {

/* Begin PBXBuildFile section */
		843352C326E909D600CB3155 /* AppDelegate.swift in Sources */ = {isa = PBXBuildFile; fileRef = 843352C226E909D600CB3155 /* AppDelegate.swift */; };
		843352C526E909D600CB3155 /* SceneDelegate.swift in Sources */ = {isa = PBXBuildFile; fileRef = 843352C426E909D600CB3155 /* SceneDelegate.swift */; };
		843352C726E909D600CB3155 /* MainViewController.swift in Sources */ = {isa = PBXBuildFile; fileRef = 843352C626E909D600CB3155 /* MainViewController.swift */; };
		843352CA26E909D600CB3155 /* Main.storyboard in Resources */ = {isa = PBXBuildFile; fileRef = 843352C826E909D600CB3155 /* Main.storyboard */; };
		843352CC26E909DA00CB3155 /* Assets.xcassets in Resources */ = {isa = PBXBuildFile; fileRef = 843352CB26E909DA00CB3155 /* Assets.xcassets */; };
		843352CF26E909DA00CB3155 /* LaunchScreen.storyboard in Resources */ = {isa = PBXBuildFile; fileRef = 843352CD26E909DA00CB3155 /* LaunchScreen.storyboard */; };
		843352DC26E911D000CB3155 /* Menu.storyboard in Resources */ = {isa = PBXBuildFile; fileRef = 843352DB26E911D000CB3155 /* Menu.storyboard */; };
		843352DE26E911E600CB3155 /* MenuTabBarController.swift in Sources */ = {isa = PBXBuildFile; fileRef = 843352DD26E911E600CB3155 /* MenuTabBarController.swift */; };
		843352E026E913B200CB3155 /* Profile.storyboard in Resources */ = {isa = PBXBuildFile; fileRef = 843352DF26E913B200CB3155 /* Profile.storyboard */; };
		843352E426E913CB00CB3155 /* Friends.storyboard in Resources */ = {isa = PBXBuildFile; fileRef = 843352E326E913CB00CB3155 /* Friends.storyboard */; };
		843352E626E9144A00CB3155 /* ProfileViewController.swift in Sources */ = {isa = PBXBuildFile; fileRef = 843352E526E9144A00CB3155 /* ProfileViewController.swift */; };
		843352ED26E9150600CB3155 /* Settings.storyboard in Resources */ = {isa = PBXBuildFile; fileRef = 843352EC26E9150600CB3155 /* Settings.storyboard */; };
		843352EF26E9151500CB3155 /* SettingsViewController.swift in Sources */ = {isa = PBXBuildFile; fileRef = 843352EE26E9151500CB3155 /* SettingsViewController.swift */; };
		84547F7526EE56ED00591985 /* Message.storyboard in Resources */ = {isa = PBXBuildFile; fileRef = 84547F7426EE56ED00591985 /* Message.storyboard */; };
		84547F7C26EE598700591985 /* FriendsTableViewCell.swift in Sources */ = {isa = PBXBuildFile; fileRef = 84547F7A26EE598700591985 /* FriendsTableViewCell.swift */; };
		84547F7D26EE598700591985 /* FriendsTableViewCell.xib in Resources */ = {isa = PBXBuildFile; fileRef = 84547F7B26EE598700591985 /* FriendsTableViewCell.xib */; };
		84547F7F26EE5C8900591985 /* Constants.swift in Sources */ = {isa = PBXBuildFile; fileRef = 84547F7E26EE5C8900591985 /* Constants.swift */; };
		84547F8426EE666700591985 /* FriendsViewController.swift in Sources */ = {isa = PBXBuildFile; fileRef = 84547F8326EE666700591985 /* FriendsViewController.swift */; };
		84547F8826EE67E500591985 /* MessageTableViewCell.swift in Sources */ = {isa = PBXBuildFile; fileRef = 84547F8626EE67E500591985 /* MessageTableViewCell.swift */; };
		84547F8926EE67E500591985 /* MessageTableViewCell.xib in Resources */ = {isa = PBXBuildFile; fileRef = 84547F8726EE67E500591985 /* MessageTableViewCell.xib */; };
		84547F8B26EE68D700591985 /* MessageViewController.swift in Sources */ = {isa = PBXBuildFile; fileRef = 84547F8A26EE68D700591985 /* MessageViewController.swift */; };
		84547F8D26EE771500591985 /* User.swift in Sources */ = {isa = PBXBuildFile; fileRef = 84547F8C26EE771500591985 /* User.swift */; };
		84547F9226EF65DD00591985 /* FriendCollectionViewController.swift in Sources */ = {isa = PBXBuildFile; fileRef = 84547F9126EF65DD00591985 /* FriendCollectionViewController.swift */; };
		84547F9426EF65FD00591985 /* FriendCollection.storyboard in Resources */ = {isa = PBXBuildFile; fileRef = 84547F9326EF65FD00591985 /* FriendCollection.storyboard */; };
		84547F9C26EF670E00591985 /* FriendCollectionViewCell.swift in Sources */ = {isa = PBXBuildFile; fileRef = 84547F9A26EF670E00591985 /* FriendCollectionViewCell.swift */; };
		84547F9D26EF670E00591985 /* FriendCollectionViewCell.xib in Resources */ = {isa = PBXBuildFile; fileRef = 84547F9B26EF670E00591985 /* FriendCollectionViewCell.xib */; };
		84547FA126EF722F00591985 /* GroupViewController.swift in Sources */ = {isa = PBXBuildFile; fileRef = 84547FA026EF722F00591985 /* GroupViewController.swift */; };
		84547FA326EF723700591985 /* Group.storyboard in Resources */ = {isa = PBXBuildFile; fileRef = 84547FA226EF723700591985 /* Group.storyboard */; };
		84547FA526EF738100591985 /* Group.swift in Sources */ = {isa = PBXBuildFile; fileRef = 84547FA426EF738100591985 /* Group.swift */; };
		84547FA926EF73C300591985 /* GroupTableViewCell.swift in Sources */ = {isa = PBXBuildFile; fileRef = 84547FA726EF73C300591985 /* GroupTableViewCell.swift */; };
		84547FAA26EF73C300591985 /* GroupTableViewCell.xib in Resources */ = {isa = PBXBuildFile; fileRef = 84547FA826EF73C300591985 /* GroupTableViewCell.xib */; };
		84547FAD26EF894D00591985 /* GroupSearchViewController.swift in Sources */ = {isa = PBXBuildFile; fileRef = 84547FAC26EF894D00591985 /* GroupSearchViewController.swift */; };
		84547FAF26EF895800591985 /* GroupSearch.storyboard in Resources */ = {isa = PBXBuildFile; fileRef = 84547FAE26EF895800591985 /* GroupSearch.storyboard */; };
		84547FB226EF8A6000591985 /* GroupSearchTableViewCell.swift in Sources */ = {isa = PBXBuildFile; fileRef = 84547FB026EF8A6000591985 /* GroupSearchTableViewCell.swift */; };
		84547FB326EF8A6000591985 /* GroupSearchTableViewCell.xib in Resources */ = {isa = PBXBuildFile; fileRef = 84547FB126EF8A6000591985 /* GroupSearchTableViewCell.xib */; };
/* End PBXBuildFile section */

/* Begin PBXFileReference section */
		843352BF26E909D600CB3155 /* CloneVK.app */ = {isa = PBXFileReference; explicitFileType = wrapper.application; includeInIndex = 0; path = CloneVK.app; sourceTree = BUILT_PRODUCTS_DIR; };
		843352C226E909D600CB3155 /* AppDelegate.swift */ = {isa = PBXFileReference; lastKnownFileType = sourcecode.swift; path = AppDelegate.swift; sourceTree = "<group>"; };
		843352C426E909D600CB3155 /* SceneDelegate.swift */ = {isa = PBXFileReference; lastKnownFileType = sourcecode.swift; path = SceneDelegate.swift; sourceTree = "<group>"; };
		843352C626E909D600CB3155 /* MainViewController.swift */ = {isa = PBXFileReference; lastKnownFileType = sourcecode.swift; path = MainViewController.swift; sourceTree = "<group>"; };
		843352C926E909D600CB3155 /* Base */ = {isa = PBXFileReference; lastKnownFileType = file.storyboard; name = Base; path = Base.lproj/Main.storyboard; sourceTree = "<group>"; };
		843352CB26E909DA00CB3155 /* Assets.xcassets */ = {isa = PBXFileReference; lastKnownFileType = folder.assetcatalog; path = Assets.xcassets; sourceTree = "<group>"; };
		843352CE26E909DA00CB3155 /* Base */ = {isa = PBXFileReference; lastKnownFileType = file.storyboard; name = Base; path = Base.lproj/LaunchScreen.storyboard; sourceTree = "<group>"; };
		843352D026E909DA00CB3155 /* Info.plist */ = {isa = PBXFileReference; lastKnownFileType = text.plist.xml; path = Info.plist; sourceTree = "<group>"; };
		843352DB26E911D000CB3155 /* Menu.storyboard */ = {isa = PBXFileReference; lastKnownFileType = file.storyboard; path = Menu.storyboard; sourceTree = "<group>"; };
		843352DD26E911E600CB3155 /* MenuTabBarController.swift */ = {isa = PBXFileReference; lastKnownFileType = sourcecode.swift; path = MenuTabBarController.swift; sourceTree = "<group>"; };
		843352DF26E913B200CB3155 /* Profile.storyboard */ = {isa = PBXFileReference; lastKnownFileType = file.storyboard; path = Profile.storyboard; sourceTree = "<group>"; };
		843352E326E913CB00CB3155 /* Friends.storyboard */ = {isa = PBXFileReference; lastKnownFileType = file.storyboard; path = Friends.storyboard; sourceTree = "<group>"; };
		843352E526E9144A00CB3155 /* ProfileViewController.swift */ = {isa = PBXFileReference; lastKnownFileType = sourcecode.swift; path = ProfileViewController.swift; sourceTree = "<group>"; };
		843352EC26E9150600CB3155 /* Settings.storyboard */ = {isa = PBXFileReference; lastKnownFileType = file.storyboard; path = Settings.storyboard; sourceTree = "<group>"; };
		843352EE26E9151500CB3155 /* SettingsViewController.swift */ = {isa = PBXFileReference; lastKnownFileType = sourcecode.swift; path = SettingsViewController.swift; sourceTree = "<group>"; };
		84547F7426EE56ED00591985 /* Message.storyboard */ = {isa = PBXFileReference; lastKnownFileType = file.storyboard; path = Message.storyboard; sourceTree = "<group>"; };
		84547F7A26EE598700591985 /* FriendsTableViewCell.swift */ = {isa = PBXFileReference; lastKnownFileType = sourcecode.swift; path = FriendsTableViewCell.swift; sourceTree = "<group>"; };
		84547F7B26EE598700591985 /* FriendsTableViewCell.xib */ = {isa = PBXFileReference; lastKnownFileType = file.xib; path = FriendsTableViewCell.xib; sourceTree = "<group>"; };
		84547F7E26EE5C8900591985 /* Constants.swift */ = {isa = PBXFileReference; lastKnownFileType = sourcecode.swift; path = Constants.swift; sourceTree = "<group>"; };
		84547F8326EE666700591985 /* FriendsViewController.swift */ = {isa = PBXFileReference; lastKnownFileType = sourcecode.swift; path = FriendsViewController.swift; sourceTree = "<group>"; };
		84547F8626EE67E500591985 /* MessageTableViewCell.swift */ = {isa = PBXFileReference; lastKnownFileType = sourcecode.swift; path = MessageTableViewCell.swift; sourceTree = "<group>"; };
		84547F8726EE67E500591985 /* MessageTableViewCell.xib */ = {isa = PBXFileReference; lastKnownFileType = file.xib; path = MessageTableViewCell.xib; sourceTree = "<group>"; };
		84547F8A26EE68D700591985 /* MessageViewController.swift */ = {isa = PBXFileReference; lastKnownFileType = sourcecode.swift; path = MessageViewController.swift; sourceTree = "<group>"; };
		84547F8C26EE771500591985 /* User.swift */ = {isa = PBXFileReference; lastKnownFileType = sourcecode.swift; path = User.swift; sourceTree = "<group>"; };
		84547F9126EF65DD00591985 /* FriendCollectionViewController.swift */ = {isa = PBXFileReference; lastKnownFileType = sourcecode.swift; path = FriendCollectionViewController.swift; sourceTree = "<group>"; };
		84547F9326EF65FD00591985 /* FriendCollection.storyboard */ = {isa = PBXFileReference; lastKnownFileType = file.storyboard; path = FriendCollection.storyboard; sourceTree = "<group>"; };
		84547F9A26EF670E00591985 /* FriendCollectionViewCell.swift */ = {isa = PBXFileReference; lastKnownFileType = sourcecode.swift; path = FriendCollectionViewCell.swift; sourceTree = "<group>"; };
		84547F9B26EF670E00591985 /* FriendCollectionViewCell.xib */ = {isa = PBXFileReference; lastKnownFileType = file.xib; path = FriendCollectionViewCell.xib; sourceTree = "<group>"; };
		84547FA026EF722F00591985 /* GroupViewController.swift */ = {isa = PBXFileReference; lastKnownFileType = sourcecode.swift; path = GroupViewController.swift; sourceTree = "<group>"; };
		84547FA226EF723700591985 /* Group.storyboard */ = {isa = PBXFileReference; lastKnownFileType = file.storyboard; path = Group.storyboard; sourceTree = "<group>"; };
		84547FA426EF738100591985 /* Group.swift */ = {isa = PBXFileReference; lastKnownFileType = sourcecode.swift; path = Group.swift; sourceTree = "<group>"; };
		84547FA726EF73C300591985 /* GroupTableViewCell.swift */ = {isa = PBXFileReference; lastKnownFileType = sourcecode.swift; path = GroupTableViewCell.swift; sourceTree = "<group>"; };
		84547FA826EF73C300591985 /* GroupTableViewCell.xib */ = {isa = PBXFileReference; lastKnownFileType = file.xib; path = GroupTableViewCell.xib; sourceTree = "<group>"; };
		84547FAC26EF894D00591985 /* GroupSearchViewController.swift */ = {isa = PBXFileReference; lastKnownFileType = sourcecode.swift; path = GroupSearchViewController.swift; sourceTree = "<group>"; };
		84547FAE26EF895800591985 /* GroupSearch.storyboard */ = {isa = PBXFileReference; lastKnownFileType = file.storyboard; path = GroupSearch.storyboard; sourceTree = "<group>"; };
		84547FB026EF8A6000591985 /* GroupSearchTableViewCell.swift */ = {isa = PBXFileReference; lastKnownFileType = sourcecode.swift; path = GroupSearchTableViewCell.swift; sourceTree = "<group>"; };
		84547FB126EF8A6000591985 /* GroupSearchTableViewCell.xib */ = {isa = PBXFileReference; lastKnownFileType = file.xib; path = GroupSearchTableViewCell.xib; sourceTree = "<group>"; };
/* End PBXFileReference section */

/* Begin PBXFrameworksBuildPhase section */
		843352BC26E909D600CB3155 /* Frameworks */ = {
			isa = PBXFrameworksBuildPhase;
			buildActionMask = 2147483647;
			files = (
			);
			runOnlyForDeploymentPostprocessing = 0;
		};
/* End PBXFrameworksBuildPhase section */

/* Begin PBXGroup section */
		843352B626E909D600CB3155 = {
			isa = PBXGroup;
			children = (
				843352C126E909D600CB3155 /* CloneVK */,
				843352C026E909D600CB3155 /* Products */,
			);
			sourceTree = "<group>";
		};
		843352C026E909D600CB3155 /* Products */ = {
			isa = PBXGroup;
			children = (
				843352BF26E909D600CB3155 /* CloneVK.app */,
			);
			name = Products;
			sourceTree = "<group>";
		};
		843352C126E909D600CB3155 /* CloneVK */ = {
			isa = PBXGroup;
			children = (
				843352C226E909D600CB3155 /* AppDelegate.swift */,
				843352C426E909D600CB3155 /* SceneDelegate.swift */,
				843352D626E90C5700CB3155 /* Main */,
				843352D726E9118800CB3155 /* Menu */,
				84547F8026EE651B00591985 /* CustomCell */,
				84547F8526EE67AF00591985 /* Model */,
				84547F7E26EE5C8900591985 /* Constants.swift */,
				843352CB26E909DA00CB3155 /* Assets.xcassets */,
				843352CD26E909DA00CB3155 /* LaunchScreen.storyboard */,
				843352D026E909DA00CB3155 /* Info.plist */,
			);
			path = CloneVK;
			sourceTree = "<group>";
		};
		843352D626E90C5700CB3155 /* Main */ = {
			isa = PBXGroup;
			children = (
				843352C626E909D600CB3155 /* MainViewController.swift */,
				843352C826E909D600CB3155 /* Main.storyboard */,
			);
			path = Main;
			sourceTree = "<group>";
		};
		843352D726E9118800CB3155 /* Menu */ = {
			isa = PBXGroup;
			children = (
				843352DD26E911E600CB3155 /* MenuTabBarController.swift */,
				843352DB26E911D000CB3155 /* Menu.storyboard */,
				843352D826E9119200CB3155 /* Profile */,
				843352D926E9119A00CB3155 /* Message */,
				843352DA26E911A600CB3155 /* Friends */,
				84547F9F26EF720700591985 /* Group */,
			);
			path = Menu;
			sourceTree = "<group>";
		};
		843352D826E9119200CB3155 /* Profile */ = {
			isa = PBXGroup;
			children = (
				843352E526E9144A00CB3155 /* ProfileViewController.swift */,
				843352DF26E913B200CB3155 /* Profile.storyboard */,
				843352EB26E914F200CB3155 /* Settings */,
			);
			path = Profile;
			sourceTree = "<group>";
		};
		843352D926E9119A00CB3155 /* Message */ = {
			isa = PBXGroup;
			children = (
				84547F8A26EE68D700591985 /* MessageViewController.swift */,
				84547F7426EE56ED00591985 /* Message.storyboard */,
			);
			path = Message;
			sourceTree = "<group>";
		};
		843352DA26E911A600CB3155 /* Friends */ = {
			isa = PBXGroup;
			children = (
				84547F8326EE666700591985 /* FriendsViewController.swift */,
				843352E326E913CB00CB3155 /* Friends.storyboard */,
				84547F9026EF65AF00591985 /* FriendCollection */,
			);
			path = Friends;
			sourceTree = "<group>";
		};
		843352EB26E914F200CB3155 /* Settings */ = {
			isa = PBXGroup;
			children = (
				843352EE26E9151500CB3155 /* SettingsViewController.swift */,
				843352EC26E9150600CB3155 /* Settings.storyboard */,
			);
			path = Settings;
			sourceTree = "<group>";
		};
		84547F8026EE651B00591985 /* CustomCell */ = {
			isa = PBXGroup;
			children = (
				84547F8226EE654B00591985 /* Message */,
				84547F8126EE653700591985 /* Friend */,
				84547FA626EF73A500591985 /* Group */,
			);
			path = CustomCell;
			sourceTree = "<group>";
		};
		84547F8126EE653700591985 /* Friend */ = {
			isa = PBXGroup;
			children = (
				84547F7A26EE598700591985 /* FriendsTableViewCell.swift */,
				84547F7B26EE598700591985 /* FriendsTableViewCell.xib */,
				84547F9A26EF670E00591985 /* FriendCollectionViewCell.swift */,
				84547F9B26EF670E00591985 /* FriendCollectionViewCell.xib */,
			);
			path = Friend;
			sourceTree = "<group>";
		};
		84547F8226EE654B00591985 /* Message */ = {
			isa = PBXGroup;
			children = (
				84547F8626EE67E500591985 /* MessageTableViewCell.swift */,
				84547F8726EE67E500591985 /* MessageTableViewCell.xib */,
			);
			path = Message;
			sourceTree = "<group>";
		};
		84547F8526EE67AF00591985 /* Model */ = {
			isa = PBXGroup;
			children = (
				84547F8C26EE771500591985 /* User.swift */,
				84547FA426EF738100591985 /* Group.swift */,
			);
			path = Model;
			sourceTree = "<group>";
		};
		84547F9026EF65AF00591985 /* FriendCollection */ = {
			isa = PBXGroup;
			children = (
				84547F9126EF65DD00591985 /* FriendCollectionViewController.swift */,
				84547F9326EF65FD00591985 /* FriendCollection.storyboard */,
			);
			path = FriendCollection;
			sourceTree = "<group>";
		};
		84547F9F26EF720700591985 /* Group */ = {
			isa = PBXGroup;
			children = (
				84547FA026EF722F00591985 /* GroupViewController.swift */,
				84547FA226EF723700591985 /* Group.storyboard */,
				84547FAB26EF891300591985 /* GroupSearch */,
			);
			path = Group;
			sourceTree = "<group>";
		};
		84547FA626EF73A500591985 /* Group */ = {
			isa = PBXGroup;
			children = (
				84547FA726EF73C300591985 /* GroupTableViewCell.swift */,
				84547FA826EF73C300591985 /* GroupTableViewCell.xib */,
				84547FB026EF8A6000591985 /* GroupSearchTableViewCell.swift */,
				84547FB126EF8A6000591985 /* GroupSearchTableViewCell.xib */,
			);
			path = Group;
			sourceTree = "<group>";
		};
		84547FAB26EF891300591985 /* GroupSearch */ = {
			isa = PBXGroup;
			children = (
				84547FAC26EF894D00591985 /* GroupSearchViewController.swift */,
				84547FAE26EF895800591985 /* GroupSearch.storyboard */,
			);
			path = GroupSearch;
			sourceTree = "<group>";
		};
/* End PBXGroup section */

/* Begin PBXNativeTarget section */
		843352BE26E909D600CB3155 /* CloneVK */ = {
			isa = PBXNativeTarget;
			buildConfigurationList = 843352D326E909DA00CB3155 /* Build configuration list for PBXNativeTarget "CloneVK" */;
			buildPhases = (
				843352BB26E909D600CB3155 /* Sources */,
				843352BC26E909D600CB3155 /* Frameworks */,
				843352BD26E909D600CB3155 /* Resources */,
			);
			buildRules = (
			);
			dependencies = (
			);
			name = CloneVK;
			productName = CloneVK;
			productReference = 843352BF26E909D600CB3155 /* CloneVK.app */;
			productType = "com.apple.product-type.application";
		};
/* End PBXNativeTarget section */

/* Begin PBXProject section */
		843352B726E909D600CB3155 /* Project object */ = {
			isa = PBXProject;
			attributes = {
				LastSwiftUpdateCheck = 1250;
				LastUpgradeCheck = 1250;
				TargetAttributes = {
					843352BE26E909D600CB3155 = {
						CreatedOnToolsVersion = 12.5.1;
					};
				};
			};
			buildConfigurationList = 843352BA26E909D600CB3155 /* Build configuration list for PBXProject "CloneVK" */;
			compatibilityVersion = "Xcode 9.3";
			developmentRegion = en;
			hasScannedForEncodings = 0;
			knownRegions = (
				en,
				Base,
			);
			mainGroup = 843352B626E909D600CB3155;
			productRefGroup = 843352C026E909D600CB3155 /* Products */;
			projectDirPath = "";
			projectRoot = "";
			targets = (
				843352BE26E909D600CB3155 /* CloneVK */,
			);
		};
/* End PBXProject section */

/* Begin PBXResourcesBuildPhase section */
		843352BD26E909D600CB3155 /* Resources */ = {
			isa = PBXResourcesBuildPhase;
			buildActionMask = 2147483647;
			files = (
				84547FA326EF723700591985 /* Group.storyboard in Resources */,
				84547F7D26EE598700591985 /* FriendsTableViewCell.xib in Resources */,
				843352CF26E909DA00CB3155 /* LaunchScreen.storyboard in Resources */,
				84547FB326EF8A6000591985 /* GroupSearchTableViewCell.xib in Resources */,
				843352E426E913CB00CB3155 /* Friends.storyboard in Resources */,
				843352CC26E909DA00CB3155 /* Assets.xcassets in Resources */,
				84547FAA26EF73C300591985 /* GroupTableViewCell.xib in Resources */,
				84547F7526EE56ED00591985 /* Message.storyboard in Resources */,
				84547FAF26EF895800591985 /* GroupSearch.storyboard in Resources */,
				843352ED26E9150600CB3155 /* Settings.storyboard in Resources */,
				843352E026E913B200CB3155 /* Profile.storyboard in Resources */,
				84547F8926EE67E500591985 /* MessageTableViewCell.xib in Resources */,
				84547F9D26EF670E00591985 /* FriendCollectionViewCell.xib in Resources */,
				84547F9426EF65FD00591985 /* FriendCollection.storyboard in Resources */,
				843352CA26E909D600CB3155 /* Main.storyboard in Resources */,
				843352DC26E911D000CB3155 /* Menu.storyboard in Resources */,
			);
			runOnlyForDeploymentPostprocessing = 0;
		};
/* End PBXResourcesBuildPhase section */

/* Begin PBXSourcesBuildPhase section */
		843352BB26E909D600CB3155 /* Sources */ = {
			isa = PBXSourcesBuildPhase;
			buildActionMask = 2147483647;
			files = (
				843352C726E909D600CB3155 /* MainViewController.swift in Sources */,
				84547FA926EF73C300591985 /* GroupTableViewCell.swift in Sources */,
				84547F8D26EE771500591985 /* User.swift in Sources */,
				84547F8426EE666700591985 /* FriendsViewController.swift in Sources */,
				84547FAD26EF894D00591985 /* GroupSearchViewController.swift in Sources */,
				84547FA526EF738100591985 /* Group.swift in Sources */,
				843352C326E909D600CB3155 /* AppDelegate.swift in Sources */,
				84547F8826EE67E500591985 /* MessageTableViewCell.swift in Sources */,
				84547F7C26EE598700591985 /* FriendsTableViewCell.swift in Sources */,
				843352E626E9144A00CB3155 /* ProfileViewController.swift in Sources */,
				843352C526E909D600CB3155 /* SceneDelegate.swift in Sources */,
				84547F9226EF65DD00591985 /* FriendCollectionViewController.swift in Sources */,
				84547FA126EF722F00591985 /* GroupViewController.swift in Sources */,
				84547F8B26EE68D700591985 /* MessageViewController.swift in Sources */,
				84547FB226EF8A6000591985 /* GroupSearchTableViewCell.swift in Sources */,
				84547F9C26EF670E00591985 /* FriendCollectionViewCell.swift in Sources */,
				843352DE26E911E600CB3155 /* MenuTabBarController.swift in Sources */,
				843352EF26E9151500CB3155 /* SettingsViewController.swift in Sources */,
				84547F7F26EE5C8900591985 /* Constants.swift in Sources */,
			);
			runOnlyForDeploymentPostprocessing = 0;
		};
/* End PBXSourcesBuildPhase section */

/* Begin PBXVariantGroup section */
		843352C826E909D600CB3155 /* Main.storyboard */ = {
			isa = PBXVariantGroup;
			children = (
				843352C926E909D600CB3155 /* Base */,
			);
			name = Main.storyboard;
			sourceTree = "<group>";
		};
		843352CD26E909DA00CB3155 /* LaunchScreen.storyboard */ = {
			isa = PBXVariantGroup;
			children = (
				843352CE26E909DA00CB3155 /* Base */,
			);
			name = LaunchScreen.storyboard;
			sourceTree = "<group>";
		};
/* End PBXVariantGroup section */

/* Begin XCBuildConfiguration section */
		843352D126E909DA00CB3155 /* Debug */ = {
			isa = XCBuildConfiguration;
			buildSettings = {
				ALWAYS_SEARCH_USER_PATHS = NO;
				CLANG_ANALYZER_NONNULL = YES;
				CLANG_ANALYZER_NUMBER_OBJECT_CONVERSION = YES_AGGRESSIVE;
				CLANG_CXX_LANGUAGE_STANDARD = "gnu++14";
				CLANG_CXX_LIBRARY = "libc++";
				CLANG_ENABLE_MODULES = YES;
				CLANG_ENABLE_OBJC_ARC = YES;
				CLANG_ENABLE_OBJC_WEAK = YES;
				CLANG_WARN_BLOCK_CAPTURE_AUTORELEASING = YES;
				CLANG_WARN_BOOL_CONVERSION = YES;
				CLANG_WARN_COMMA = YES;
				CLANG_WARN_CONSTANT_CONVERSION = YES;
				CLANG_WARN_DEPRECATED_OBJC_IMPLEMENTATIONS = YES;
				CLANG_WARN_DIRECT_OBJC_ISA_USAGE = YES_ERROR;
				CLANG_WARN_DOCUMENTATION_COMMENTS = YES;
				CLANG_WARN_EMPTY_BODY = YES;
				CLANG_WARN_ENUM_CONVERSION = YES;
				CLANG_WARN_INFINITE_RECURSION = YES;
				CLANG_WARN_INT_CONVERSION = YES;
				CLANG_WARN_NON_LITERAL_NULL_CONVERSION = YES;
				CLANG_WARN_OBJC_IMPLICIT_RETAIN_SELF = YES;
				CLANG_WARN_OBJC_LITERAL_CONVERSION = YES;
				CLANG_WARN_OBJC_ROOT_CLASS = YES_ERROR;
				CLANG_WARN_QUOTED_INCLUDE_IN_FRAMEWORK_HEADER = YES;
				CLANG_WARN_RANGE_LOOP_ANALYSIS = YES;
				CLANG_WARN_STRICT_PROTOTYPES = YES;
				CLANG_WARN_SUSPICIOUS_MOVE = YES;
				CLANG_WARN_UNGUARDED_AVAILABILITY = YES_AGGRESSIVE;
				CLANG_WARN_UNREACHABLE_CODE = YES;
				CLANG_WARN__DUPLICATE_METHOD_MATCH = YES;
				COPY_PHASE_STRIP = NO;
				DEBUG_INFORMATION_FORMAT = dwarf;
				ENABLE_STRICT_OBJC_MSGSEND = YES;
				ENABLE_TESTABILITY = YES;
				GCC_C_LANGUAGE_STANDARD = gnu11;
				GCC_DYNAMIC_NO_PIC = NO;
				GCC_NO_COMMON_BLOCKS = YES;
				GCC_OPTIMIZATION_LEVEL = 0;
				GCC_PREPROCESSOR_DEFINITIONS = (
					"DEBUG=1",
					"$(inherited)",
				);
				GCC_WARN_64_TO_32_BIT_CONVERSION = YES;
				GCC_WARN_ABOUT_RETURN_TYPE = YES_ERROR;
				GCC_WARN_UNDECLARED_SELECTOR = YES;
				GCC_WARN_UNINITIALIZED_AUTOS = YES_AGGRESSIVE;
				GCC_WARN_UNUSED_FUNCTION = YES;
				GCC_WARN_UNUSED_VARIABLE = YES;
				IPHONEOS_DEPLOYMENT_TARGET = 14.5;
				MTL_ENABLE_DEBUG_INFO = INCLUDE_SOURCE;
				MTL_FAST_MATH = YES;
				ONLY_ACTIVE_ARCH = YES;
				SDKROOT = iphoneos;
				SWIFT_ACTIVE_COMPILATION_CONDITIONS = DEBUG;
				SWIFT_OPTIMIZATION_LEVEL = "-Onone";
			};
			name = Debug;
		};
		843352D226E909DA00CB3155 /* Release */ = {
			isa = XCBuildConfiguration;
			buildSettings = {
				ALWAYS_SEARCH_USER_PATHS = NO;
				CLANG_ANALYZER_NONNULL = YES;
				CLANG_ANALYZER_NUMBER_OBJECT_CONVERSION = YES_AGGRESSIVE;
				CLANG_CXX_LANGUAGE_STANDARD = "gnu++14";
				CLANG_CXX_LIBRARY = "libc++";
				CLANG_ENABLE_MODULES = YES;
				CLANG_ENABLE_OBJC_ARC = YES;
				CLANG_ENABLE_OBJC_WEAK = YES;
				CLANG_WARN_BLOCK_CAPTURE_AUTORELEASING = YES;
				CLANG_WARN_BOOL_CONVERSION = YES;
				CLANG_WARN_COMMA = YES;
				CLANG_WARN_CONSTANT_CONVERSION = YES;
				CLANG_WARN_DEPRECATED_OBJC_IMPLEMENTATIONS = YES;
				CLANG_WARN_DIRECT_OBJC_ISA_USAGE = YES_ERROR;
				CLANG_WARN_DOCUMENTATION_COMMENTS = YES;
				CLANG_WARN_EMPTY_BODY = YES;
				CLANG_WARN_ENUM_CONVERSION = YES;
				CLANG_WARN_INFINITE_RECURSION = YES;
				CLANG_WARN_INT_CONVERSION = YES;
				CLANG_WARN_NON_LITERAL_NULL_CONVERSION = YES;
				CLANG_WARN_OBJC_IMPLICIT_RETAIN_SELF = YES;
				CLANG_WARN_OBJC_LITERAL_CONVERSION = YES;
				CLANG_WARN_OBJC_ROOT_CLASS = YES_ERROR;
				CLANG_WARN_QUOTED_INCLUDE_IN_FRAMEWORK_HEADER = YES;
				CLANG_WARN_RANGE_LOOP_ANALYSIS = YES;
				CLANG_WARN_STRICT_PROTOTYPES = YES;
				CLANG_WARN_SUSPICIOUS_MOVE = YES;
				CLANG_WARN_UNGUARDED_AVAILABILITY = YES_AGGRESSIVE;
				CLANG_WARN_UNREACHABLE_CODE = YES;
				CLANG_WARN__DUPLICATE_METHOD_MATCH = YES;
				COPY_PHASE_STRIP = NO;
				DEBUG_INFORMATION_FORMAT = "dwarf-with-dsym";
				ENABLE_NS_ASSERTIONS = NO;
				ENABLE_STRICT_OBJC_MSGSEND = YES;
				GCC_C_LANGUAGE_STANDARD = gnu11;
				GCC_NO_COMMON_BLOCKS = YES;
				GCC_WARN_64_TO_32_BIT_CONVERSION = YES;
				GCC_WARN_ABOUT_RETURN_TYPE = YES_ERROR;
				GCC_WARN_UNDECLARED_SELECTOR = YES;
				GCC_WARN_UNINITIALIZED_AUTOS = YES_AGGRESSIVE;
				GCC_WARN_UNUSED_FUNCTION = YES;
				GCC_WARN_UNUSED_VARIABLE = YES;
				IPHONEOS_DEPLOYMENT_TARGET = 14.5;
				MTL_ENABLE_DEBUG_INFO = NO;
				MTL_FAST_MATH = YES;
				SDKROOT = iphoneos;
				SWIFT_COMPILATION_MODE = wholemodule;
				SWIFT_OPTIMIZATION_LEVEL = "-O";
				VALIDATE_PRODUCT = YES;
			};
			name = Release;
		};
		843352D426E909DA00CB3155 /* Debug */ = {
			isa = XCBuildConfiguration;
			buildSettings = {
				ASSETCATALOG_COMPILER_APPICON_NAME = AppIcon;
				ASSETCATALOG_COMPILER_GLOBAL_ACCENT_COLOR_NAME = AccentColor;
				CODE_SIGN_STYLE = Automatic;
				DEVELOPMENT_TEAM = YAW9YXDFLQ;
				INFOPLIST_FILE = CloneVK/Info.plist;
				LD_RUNPATH_SEARCH_PATHS = (
					"$(inherited)",
					"@executable_path/Frameworks",
				);
				PRODUCT_BUNDLE_IDENTIFIER = com.andreiShkundaliou.CloneVK;
				PRODUCT_NAME = "$(TARGET_NAME)";
				SWIFT_VERSION = 5.0;
				TARGETED_DEVICE_FAMILY = "1,2";
			};
			name = Debug;
		};
		843352D526E909DA00CB3155 /* Release */ = {
			isa = XCBuildConfiguration;
			buildSettings = {
				ASSETCATALOG_COMPILER_APPICON_NAME = AppIcon;
				ASSETCATALOG_COMPILER_GLOBAL_ACCENT_COLOR_NAME = AccentColor;
				CODE_SIGN_STYLE = Automatic;
				DEVELOPMENT_TEAM = YAW9YXDFLQ;
				INFOPLIST_FILE = CloneVK/Info.plist;
				LD_RUNPATH_SEARCH_PATHS = (
					"$(inherited)",
					"@executable_path/Frameworks",
				);
				PRODUCT_BUNDLE_IDENTIFIER = com.andreiShkundaliou.CloneVK;
				PRODUCT_NAME = "$(TARGET_NAME)";
				SWIFT_VERSION = 5.0;
				TARGETED_DEVICE_FAMILY = "1,2";
			};
			name = Release;
		};
/* End XCBuildConfiguration section */

/* Begin XCConfigurationList section */
		843352BA26E909D600CB3155 /* Build configuration list for PBXProject "CloneVK" */ = {
			isa = XCConfigurationList;
			buildConfigurations = (
				843352D126E909DA00CB3155 /* Debug */,
				843352D226E909DA00CB3155 /* Release */,
			);
			defaultConfigurationIsVisible = 0;
			defaultConfigurationName = Release;
		};
		843352D326E909DA00CB3155 /* Build configuration list for PBXNativeTarget "CloneVK" */ = {
			isa = XCConfigurationList;
			buildConfigurations = (
				843352D426E909DA00CB3155 /* Debug */,
				843352D526E909DA00CB3155 /* Release */,
			);
			defaultConfigurationIsVisible = 0;
			defaultConfigurationName = Release;
		};
/* End XCConfigurationList section */
	};
	rootObject = 843352B726E909D600CB3155 /* Project object */;
}
